// !$*UTF8*$!
{
	archiveVersion = 1;
	classes = {
	};
	objectVersion = 46;
	objects = {

/* Begin PBXBuildFile section */
		832BC810177E746A008D7BFE /* Cocoa.framework in Frameworks */ = {isa = PBXBuildFile; fileRef = 832BC80F177E746A008D7BFE /* Cocoa.framework */; };
		832BC814177E747E008D7BFE /* SDL_image.framework in Frameworks */ = {isa = PBXBuildFile; fileRef = 832BC811177E747E008D7BFE /* SDL_image.framework */; };
		832BC815177E747E008D7BFE /* SDL_ttf.framework in Frameworks */ = {isa = PBXBuildFile; fileRef = 832BC812177E747E008D7BFE /* SDL_ttf.framework */; };
		832BC816177E747E008D7BFE /* SDL.framework in Frameworks */ = {isa = PBXBuildFile; fileRef = 832BC813177E747E008D7BFE /* SDL.framework */; };
		832BC819177E74C0008D7BFE /* SDLMain.m in Sources */ = {isa = PBXBuildFile; fileRef = 832BC818177E74C0008D7BFE /* SDLMain.m */; };
		836DB234177E63A40050B240 /* main.cpp in Sources */ = {isa = PBXBuildFile; fileRef = 836DB233177E63A40050B240 /* main.cpp */; };
		836DB236177E63A40050B240 /* Mister_Farmer.1 in CopyFiles */ = {isa = PBXBuildFile; fileRef = 836DB235177E63A40050B240 /* Mister_Farmer.1 */; };
		8397AAFE179FAC8A00A1C4A3 /* render.cpp in Sources */ = {isa = PBXBuildFile; fileRef = 8397AAFD179FAC8A00A1C4A3 /* render.cpp */; };
/* End PBXBuildFile section */

/* Begin PBXCopyFilesBuildPhase section */
		836DB22D177E63A40050B240 /* CopyFiles */ = {
			isa = PBXCopyFilesBuildPhase;
			buildActionMask = 2147483647;
			dstPath = /usr/share/man/man1/;
			dstSubfolderSpec = 0;
			files = (
				836DB236177E63A40050B240 /* Mister_Farmer.1 in CopyFiles */,
			);
			runOnlyForDeploymentPostprocessing = 1;
		};
/* End PBXCopyFilesBuildPhase section */

/* Begin PBXFileReference section */
		832BC80F177E746A008D7BFE /* Cocoa.framework */ = {isa = PBXFileReference; lastKnownFileType = wrapper.framework; name = Cocoa.framework; path = System/Library/Frameworks/Cocoa.framework; sourceTree = SDKROOT; };
		832BC811177E747E008D7BFE /* SDL_image.framework */ = {isa = PBXFileReference; lastKnownFileType = wrapper.framework; name = SDL_image.framework; path = ../../../../../../Library/Frameworks/SDL_image.framework; sourceTree = "<group>"; };
		832BC812177E747E008D7BFE /* SDL_ttf.framework */ = {isa = PBXFileReference; lastKnownFileType = wrapper.framework; name = SDL_ttf.framework; path = ../../../../../../Library/Frameworks/SDL_ttf.framework; sourceTree = "<group>"; };
		832BC813177E747E008D7BFE /* SDL.framework */ = {isa = PBXFileReference; lastKnownFileType = wrapper.framework; name = SDL.framework; path = ../../../../../../Library/Frameworks/SDL.framework; sourceTree = "<group>"; };
		832BC817177E74C0008D7BFE /* SDLMain.h */ = {isa = PBXFileReference; fileEncoding = 4; lastKnownFileType = sourcecode.c.h; path = SDLMain.h; sourceTree = "<group>"; };
		832BC818177E74C0008D7BFE /* SDLMain.m */ = {isa = PBXFileReference; fileEncoding = 4; lastKnownFileType = sourcecode.c.objc; path = SDLMain.m; sourceTree = "<group>"; };
		832BC81C177E75C9008D7BFE /* lazy.ttf */ = {isa = PBXFileReference; lastKnownFileType = file; path = lazy.ttf; sourceTree = "<group>"; };
		832BC81E177E75C9008D7BFE /* basic_character.png */ = {isa = PBXFileReference; lastKnownFileType = image.png; path = basic_character.png; sourceTree = "<group>"; };
		8363A054179F11CD0052423F /* render.h */ = {isa = PBXFileReference; fileEncoding = 4; lastKnownFileType = sourcecode.c.h; path = render.h; sourceTree = "<group>"; };
		836DB22F177E63A40050B240 /* Mister Farmer */ = {isa = PBXFileReference; explicitFileType = "compiled.mach-o.executable"; includeInIndex = 0; path = "Mister Farmer"; sourceTree = BUILT_PRODUCTS_DIR; };
		836DB233177E63A40050B240 /* main.cpp */ = {isa = PBXFileReference; lastKnownFileType = sourcecode.cpp.cpp; path = main.cpp; sourceTree = "<group>"; };
		836DB235177E63A40050B240 /* Mister_Farmer.1 */ = {isa = PBXFileReference; lastKnownFileType = text.man; path = Mister_Farmer.1; sourceTree = "<group>"; };
		8397AAFD179FAC8A00A1C4A3 /* render.cpp */ = {isa = PBXFileReference; fileEncoding = 4; lastKnownFileType = sourcecode.cpp.cpp; path = render.cpp; sourceTree = "<group>"; };
		83B24A521974F45200E58BD8 /* gameobject.h */ = {isa = PBXFileReference; lastKnownFileType = sourcecode.c.h; path = gameobject.h; sourceTree = "<group>"; };
		83B24A531974F57100E58BD8 /* rendercomponent.h */ = {isa = PBXFileReference; lastKnownFileType = sourcecode.c.h; path = rendercomponent.h; sourceTree = "<group>"; };
/* End PBXFileReference section */

/* Begin PBXFrameworksBuildPhase section */
		836DB22C177E63A40050B240 /* Frameworks */ = {
			isa = PBXFrameworksBuildPhase;
			buildActionMask = 2147483647;
			files = (
				832BC814177E747E008D7BFE /* SDL_image.framework in Frameworks */,
				832BC815177E747E008D7BFE /* SDL_ttf.framework in Frameworks */,
				832BC816177E747E008D7BFE /* SDL.framework in Frameworks */,
				832BC810177E746A008D7BFE /* Cocoa.framework in Frameworks */,
			);
			runOnlyForDeploymentPostprocessing = 0;
		};
/* End PBXFrameworksBuildPhase section */

/* Begin PBXGroup section */
		832BC81A177E75C9008D7BFE /* assets */ = {
			isa = PBXGroup;
			children = (
				832BC81B177E75C9008D7BFE /* fonts */,
				832BC81D177E75C9008D7BFE /* images */,
			);
			path = assets;
			sourceTree = "<group>";
		};
		832BC81B177E75C9008D7BFE /* fonts */ = {
			isa = PBXGroup;
			children = (
				832BC81C177E75C9008D7BFE /* lazy.ttf */,
			);
			path = fonts;
			sourceTree = "<group>";
		};
		832BC81D177E75C9008D7BFE /* images */ = {
			isa = PBXGroup;
			children = (
				832BC81E177E75C9008D7BFE /* basic_character.png */,
			);
			path = images;
			sourceTree = "<group>";
		};
		836DB224177E63A40050B240 = {
			isa = PBXGroup;
			children = (
				832BC811177E747E008D7BFE /* SDL_image.framework */,
				832BC812177E747E008D7BFE /* SDL_ttf.framework */,
				832BC813177E747E008D7BFE /* SDL.framework */,
				832BC80F177E746A008D7BFE /* Cocoa.framework */,
				836DB232177E63A40050B240 /* Mister Farmer */,
				836DB230177E63A40050B240 /* Products */,
			);
			sourceTree = "<group>";
		};
		836DB230177E63A40050B240 /* Products */ = {
			isa = PBXGroup;
			children = (
				836DB22F177E63A40050B240 /* Mister Farmer */,
			);
			name = Products;
			sourceTree = "<group>";
		};
		836DB232177E63A40050B240 /* Mister Farmer */ = {
			isa = PBXGroup;
			children = (
				832BC81A177E75C9008D7BFE /* assets */,
				832BC817177E74C0008D7BFE /* SDLMain.h */,
				832BC818177E74C0008D7BFE /* SDLMain.m */,
				836DB233177E63A40050B240 /* main.cpp */,
				836DB235177E63A40050B240 /* Mister_Farmer.1 */,
				8363A054179F11CD0052423F /* render.h */,
				8397AAFD179FAC8A00A1C4A3 /* render.cpp */,
				83B24A521974F45200E58BD8 /* gameobject.h */,
				83B24A531974F57100E58BD8 /* rendercomponent.h */,
			);
			path = "Mister Farmer";
			sourceTree = "<group>";
		};
/* End PBXGroup section */

/* Begin PBXNativeTarget section */
		836DB22E177E63A40050B240 /* Mister Farmer */ = {
			isa = PBXNativeTarget;
			buildConfigurationList = 836DB239177E63A40050B240 /* Build configuration list for PBXNativeTarget "Mister Farmer" */;
			buildPhases = (
				836DB22B177E63A40050B240 /* Sources */,
				836DB22C177E63A40050B240 /* Frameworks */,
				836DB22D177E63A40050B240 /* CopyFiles */,
			);
			buildRules = (
			);
			dependencies = (
			);
			name = "Mister Farmer";
			productName = "Mister Farmer";
			productReference = 836DB22F177E63A40050B240 /* Mister Farmer */;
			productType = "com.apple.product-type.tool";
		};
/* End PBXNativeTarget section */

/* Begin PBXProject section */
		836DB226177E63A40050B240 /* Project object */ = {
			isa = PBXProject;
			attributes = {
				LastUpgradeCheck = 0450;
				ORGANIZATIONNAME = "Reverent Studios";
			};
			buildConfigurationList = 836DB229177E63A40050B240 /* Build configuration list for PBXProject "Mister Farmer" */;
			compatibilityVersion = "Xcode 3.2";
			developmentRegion = English;
			hasScannedForEncodings = 0;
			knownRegions = (
				en,
			);
			mainGroup = 836DB224177E63A40050B240;
			productRefGroup = 836DB230177E63A40050B240 /* Products */;
			projectDirPath = "";
			projectRoot = "";
			targets = (
				836DB22E177E63A40050B240 /* Mister Farmer */,
			);
		};
/* End PBXProject section */

/* Begin PBXSourcesBuildPhase section */
		836DB22B177E63A40050B240 /* Sources */ = {
			isa = PBXSourcesBuildPhase;
			buildActionMask = 2147483647;
			files = (
				836DB234177E63A40050B240 /* main.cpp in Sources */,
				832BC819177E74C0008D7BFE /* SDLMain.m in Sources */,
				8397AAFE179FAC8A00A1C4A3 /* render.cpp in Sources */,
			);
			runOnlyForDeploymentPostprocessing = 0;
		};
/* End PBXSourcesBuildPhase section */

/* Begin XCBuildConfiguration section */
		836DB237177E63A40050B240 /* Debug */ = {
			isa = XCBuildConfiguration;
			buildSettings = {
				ALWAYS_SEARCH_USER_PATHS = NO;
				ARCHS = "$(ARCHS_STANDARD_64_BIT)";
				CLANG_CXX_LANGUAGE_STANDARD = "gnu++0x";
				CLANG_CXX_LIBRARY = "libc++";
				CLANG_WARN_EMPTY_BODY = YES;
				CLANG_WARN__DUPLICATE_METHOD_MATCH = YES;
				COPY_PHASE_STRIP = NO;
				GCC_C_LANGUAGE_STANDARD = gnu99;
				GCC_DYNAMIC_NO_PIC = NO;
				GCC_ENABLE_OBJC_EXCEPTIONS = YES;
				GCC_OPTIMIZATION_LEVEL = 0;
				GCC_PREPROCESSOR_DEFINITIONS = (
					"DEBUG=1",
					"$(inherited)",
				);
				GCC_SYMBOLS_PRIVATE_EXTERN = NO;
				GCC_WARN_64_TO_32_BIT_CONVERSION = YES;
				GCC_WARN_ABOUT_RETURN_TYPE = YES;
				GCC_WARN_UNINITIALIZED_AUTOS = YES;
				GCC_WARN_UNUSED_VARIABLE = YES;
				MACOSX_DEPLOYMENT_TARGET = 10.7;
				ONLY_ACTIVE_ARCH = YES;
				SDKROOT = macosx;
			};
			name = Debug;
		};
		836DB238177E63A40050B240 /* Release */ = {
			isa = XCBuildConfiguration;
			buildSettings = {
				ALWAYS_SEARCH_USER_PATHS = NO;
				ARCHS = "$(ARCHS_STANDARD_64_BIT)";
				CLANG_CXX_LANGUAGE_STANDARD = "gnu++0x";
				CLANG_CXX_LIBRARY = "libc++";
				CLANG_WARN_EMPTY_BODY = YES;
				CLANG_WARN__DUPLICATE_METHOD_MATCH = YES;
				COPY_PHASE_STRIP = YES;
				DEBUG_INFORMATION_FORMAT = "dwarf-with-dsym";
				GCC_C_LANGUAGE_STANDARD = gnu99;
				GCC_ENABLE_OBJC_EXCEPTIONS = YES;
				GCC_WARN_64_TO_32_BIT_CONVERSION = YES;
				GCC_WARN_ABOUT_RETURN_TYPE = YES;
				GCC_WARN_UNINITIALIZED_AUTOS = YES;
				GCC_WARN_UNUSED_VARIABLE = YES;
				MACOSX_DEPLOYMENT_TARGET = 10.7;
				SDKROOT = macosx;
			};
			name = Release;
		};
		836DB23A177E63A40050B240 /* Debug */ = {
			isa = XCBuildConfiguration;
			buildSettings = {
				FRAMEWORK_SEARCH_PATHS = /Library/Frameworks;
				PRODUCT_NAME = "$(TARGET_NAME)";
			};
			name = Debug;
		};
		836DB23B177E63A40050B240 /* Release */ = {
			isa = XCBuildConfiguration;
			buildSettings = {
				FRAMEWORK_SEARCH_PATHS = /Library/Frameworks;
				PRODUCT_NAME = "$(TARGET_NAME)";
			};
			name = Release;
		};
/* End XCBuildConfiguration section */

/* Begin XCConfigurationList section */
		836DB229177E63A40050B240 /* Build configuration list for PBXProject "Mister Farmer" */ = {
			isa = XCConfigurationList;
			buildConfigurations = (
				836DB237177E63A40050B240 /* Debug */,
				836DB238177E63A40050B240 /* Release */,
			);
			defaultConfigurationIsVisible = 0;
			defaultConfigurationName = Release;
		};
		836DB239177E63A40050B240 /* Build configuration list for PBXNativeTarget "Mister Farmer" */ = {
			isa = XCConfigurationList;
			buildConfigurations = (
				836DB23A177E63A40050B240 /* Debug */,
				836DB23B177E63A40050B240 /* Release */,
			);
			defaultConfigurationIsVisible = 0;
			defaultConfigurationName = Release;
		};
/* End XCConfigurationList section */
	};
	rootObject = 836DB226177E63A40050B240 /* Project object */;
}
